// !$*UTF8*$!
{
	archiveVersion = 1;
	classes = {
	};
	objectVersion = 60;
	objects = {

/* Begin PBXBuildFile section */
		55D6D6252B14889800C7E1DB /* MockingStarExampleApp.swift in Sources */ = {isa = PBXBuildFile; fileRef = 55D6D6242B14889800C7E1DB /* MockingStarExampleApp.swift */; };
		55D6D6272B14889800C7E1DB /* ContentView.swift in Sources */ = {isa = PBXBuildFile; fileRef = 55D6D6262B14889800C7E1DB /* ContentView.swift */; };
		55D6D6292B14889A00C7E1DB /* Assets.xcassets in Resources */ = {isa = PBXBuildFile; fileRef = 55D6D6282B14889A00C7E1DB /* Assets.xcassets */; };
		55D6D62D2B14889A00C7E1DB /* Preview Assets.xcassets in Resources */ = {isa = PBXBuildFile; fileRef = 55D6D62C2B14889A00C7E1DB /* Preview Assets.xcassets */; };
		55D6D6412B14889A00C7E1DB /* MockingStarExampleUITests.swift in Sources */ = {isa = PBXBuildFile; fileRef = 55D6D6402B14889A00C7E1DB /* MockingStarExampleUITests.swift */; };
		55D6D6512B1488C400C7E1DB /* MockingStar in Frameworks */ = {isa = PBXBuildFile; productRef = 55D6D6502B1488C400C7E1DB /* MockingStar */; };
		55D9E9D52B14BC9E00CCDB6B /* MockingStar in Frameworks */ = {isa = PBXBuildFile; productRef = 55D9E9D42B14BC9E00CCDB6B /* MockingStar */; };
/* End PBXBuildFile section */

/* Begin PBXContainerItemProxy section */
		55D6D63D2B14889A00C7E1DB /* PBXContainerItemProxy */ = {
			isa = PBXContainerItemProxy;
			containerPortal = 55D6D6192B14889800C7E1DB /* Project object */;
			proxyType = 1;
			remoteGlobalIDString = 55D6D6202B14889800C7E1DB;
			remoteInfo = MockingStarExample;
		};
/* End PBXContainerItemProxy section */

/* Begin PBXFileReference section */
		55D6D6212B14889800C7E1DB /* MockingStarExample.app */ = {isa = PBXFileReference; explicitFileType = wrapper.application; includeInIndex = 0; path = MockingStarExample.app; sourceTree = BUILT_PRODUCTS_DIR; };
		55D6D6242B14889800C7E1DB /* MockingStarExampleApp.swift */ = {isa = PBXFileReference; lastKnownFileType = sourcecode.swift; path = MockingStarExampleApp.swift; sourceTree = "<group>"; };
		55D6D6262B14889800C7E1DB /* ContentView.swift */ = {isa = PBXFileReference; lastKnownFileType = sourcecode.swift; path = ContentView.swift; sourceTree = "<group>"; };
		55D6D6282B14889A00C7E1DB /* Assets.xcassets */ = {isa = PBXFileReference; lastKnownFileType = folder.assetcatalog; path = Assets.xcassets; sourceTree = "<group>"; };
		55D6D62A2B14889A00C7E1DB /* MockingStarExample.entitlements */ = {isa = PBXFileReference; lastKnownFileType = text.plist.entitlements; path = MockingStarExample.entitlements; sourceTree = "<group>"; };
		55D6D62C2B14889A00C7E1DB /* Preview Assets.xcassets */ = {isa = PBXFileReference; lastKnownFileType = folder.assetcatalog; path = "Preview Assets.xcassets"; sourceTree = "<group>"; };
		55D6D63C2B14889A00C7E1DB /* MockingStarExampleUITests.xctest */ = {isa = PBXFileReference; explicitFileType = wrapper.cfbundle; includeInIndex = 0; path = MockingStarExampleUITests.xctest; sourceTree = BUILT_PRODUCTS_DIR; };
		55D6D6402B14889A00C7E1DB /* MockingStarExampleUITests.swift */ = {isa = PBXFileReference; lastKnownFileType = sourcecode.swift; path = MockingStarExampleUITests.swift; sourceTree = "<group>"; };
/* End PBXFileReference section */

/* Begin PBXFrameworksBuildPhase section */
		55D6D61E2B14889800C7E1DB /* Frameworks */ = {
			isa = PBXFrameworksBuildPhase;
			buildActionMask = 2147483647;
			files = (
				55D6D6512B1488C400C7E1DB /* MockingStar in Frameworks */,
			);
			runOnlyForDeploymentPostprocessing = 0;
		};
		55D6D6392B14889A00C7E1DB /* Frameworks */ = {
			isa = PBXFrameworksBuildPhase;
			buildActionMask = 2147483647;
			files = (
				55D9E9D52B14BC9E00CCDB6B /* MockingStar in Frameworks */,
			);
			runOnlyForDeploymentPostprocessing = 0;
		};
/* End PBXFrameworksBuildPhase section */

/* Begin PBXGroup section */
		55D6D6182B14889800C7E1DB = {
			isa = PBXGroup;
			children = (
				55D6D6232B14889800C7E1DB /* MockingStarExample */,
				55D6D63F2B14889A00C7E1DB /* MockingStarExampleUITests */,
				55D6D6222B14889800C7E1DB /* Products */,
			);
			sourceTree = "<group>";
		};
		55D6D6222B14889800C7E1DB /* Products */ = {
			isa = PBXGroup;
			children = (
				55D6D6212B14889800C7E1DB /* MockingStarExample.app */,
				55D6D63C2B14889A00C7E1DB /* MockingStarExampleUITests.xctest */,
			);
			name = Products;
			sourceTree = "<group>";
		};
		55D6D6232B14889800C7E1DB /* MockingStarExample */ = {
			isa = PBXGroup;
			children = (
				55D6D6242B14889800C7E1DB /* MockingStarExampleApp.swift */,
				55D6D6262B14889800C7E1DB /* ContentView.swift */,
				55D6D6282B14889A00C7E1DB /* Assets.xcassets */,
				55D6D62A2B14889A00C7E1DB /* MockingStarExample.entitlements */,
				55D6D62B2B14889A00C7E1DB /* Preview Content */,
			);
			path = MockingStarExample;
			sourceTree = "<group>";
		};
		55D6D62B2B14889A00C7E1DB /* Preview Content */ = {
			isa = PBXGroup;
			children = (
				55D6D62C2B14889A00C7E1DB /* Preview Assets.xcassets */,
			);
			path = "Preview Content";
			sourceTree = "<group>";
		};
		55D6D63F2B14889A00C7E1DB /* MockingStarExampleUITests */ = {
			isa = PBXGroup;
			children = (
				55D6D6402B14889A00C7E1DB /* MockingStarExampleUITests.swift */,
			);
			path = MockingStarExampleUITests;
			sourceTree = "<group>";
		};
/* End PBXGroup section */

/* Begin PBXNativeTarget section */
		55D6D6202B14889800C7E1DB /* MockingStarExample */ = {
			isa = PBXNativeTarget;
			buildConfigurationList = 55D6D6462B14889A00C7E1DB /* Build configuration list for PBXNativeTarget "MockingStarExample" */;
			buildPhases = (
				55D6D61D2B14889800C7E1DB /* Sources */,
				55D6D61E2B14889800C7E1DB /* Frameworks */,
				55D6D61F2B14889800C7E1DB /* Resources */,
			);
			buildRules = (
			);
			dependencies = (
			);
			name = MockingStarExample;
			packageProductDependencies = (
				55D6D6502B1488C400C7E1DB /* MockingStar */,
			);
			productName = MockingStarExample;
			productReference = 55D6D6212B14889800C7E1DB /* MockingStarExample.app */;
			productType = "com.apple.product-type.application";
		};
		55D6D63B2B14889A00C7E1DB /* MockingStarExampleUITests */ = {
			isa = PBXNativeTarget;
			buildConfigurationList = 55D6D64C2B14889A00C7E1DB /* Build configuration list for PBXNativeTarget "MockingStarExampleUITests" */;
			buildPhases = (
				55D6D6382B14889A00C7E1DB /* Sources */,
				55D6D6392B14889A00C7E1DB /* Frameworks */,
				55D6D63A2B14889A00C7E1DB /* Resources */,
			);
			buildRules = (
			);
			dependencies = (
				55D6D63E2B14889A00C7E1DB /* PBXTargetDependency */,
			);
			name = MockingStarExampleUITests;
			packageProductDependencies = (
				55D9E9D42B14BC9E00CCDB6B /* MockingStar */,
			);
			productName = MockingStarExampleUITests;
			productReference = 55D6D63C2B14889A00C7E1DB /* MockingStarExampleUITests.xctest */;
			productType = "com.apple.product-type.bundle.ui-testing";
		};
/* End PBXNativeTarget section */

/* Begin PBXProject section */
		55D6D6192B14889800C7E1DB /* Project object */ = {
			isa = PBXProject;
			attributes = {
				BuildIndependentTargetsInParallel = 1;
				LastSwiftUpdateCheck = 1500;
				LastUpgradeCheck = 1500;
				TargetAttributes = {
					55D6D6202B14889800C7E1DB = {
						CreatedOnToolsVersion = 15.0.1;
					};
					55D6D63B2B14889A00C7E1DB = {
						CreatedOnToolsVersion = 15.0.1;
						TestTargetID = 55D6D6202B14889800C7E1DB;
					};
				};
			};
			buildConfigurationList = 55D6D61C2B14889800C7E1DB /* Build configuration list for PBXProject "MockingStarExample" */;
			compatibilityVersion = "Xcode 14.0";
			developmentRegion = en;
			hasScannedForEncodings = 0;
			knownRegions = (
				en,
				Base,
			);
			mainGroup = 55D6D6182B14889800C7E1DB;
			packageReferences = (
				55D6D64F2B1488C400C7E1DB /* XCLocalSwiftPackageReference ".." */,
			);
			productRefGroup = 55D6D6222B14889800C7E1DB /* Products */;
			projectDirPath = "";
			projectRoot = "";
			targets = (
				55D6D6202B14889800C7E1DB /* MockingStarExample */,
				55D6D63B2B14889A00C7E1DB /* MockingStarExampleUITests */,
			);
		};
/* End PBXProject section */

/* Begin PBXResourcesBuildPhase section */
		55D6D61F2B14889800C7E1DB /* Resources */ = {
			isa = PBXResourcesBuildPhase;
			buildActionMask = 2147483647;
			files = (
				55D6D62D2B14889A00C7E1DB /* Preview Assets.xcassets in Resources */,
				55D6D6292B14889A00C7E1DB /* Assets.xcassets in Resources */,
			);
			runOnlyForDeploymentPostprocessing = 0;
		};
		55D6D63A2B14889A00C7E1DB /* Resources */ = {
			isa = PBXResourcesBuildPhase;
			buildActionMask = 2147483647;
			files = (
			);
			runOnlyForDeploymentPostprocessing = 0;
		};
/* End PBXResourcesBuildPhase section */

/* Begin PBXSourcesBuildPhase section */
		55D6D61D2B14889800C7E1DB /* Sources */ = {
			isa = PBXSourcesBuildPhase;
			buildActionMask = 2147483647;
			files = (
				55D6D6272B14889800C7E1DB /* ContentView.swift in Sources */,
				55D6D6252B14889800C7E1DB /* MockingStarExampleApp.swift in Sources */,
			);
			runOnlyForDeploymentPostprocessing = 0;
		};
		55D6D6382B14889A00C7E1DB /* Sources */ = {
			isa = PBXSourcesBuildPhase;
			buildActionMask = 2147483647;
			files = (
				55D6D6412B14889A00C7E1DB /* MockingStarExampleUITests.swift in Sources */,
			);
			runOnlyForDeploymentPostprocessing = 0;
		};
/* End PBXSourcesBuildPhase section */

/* Begin PBXTargetDependency section */
		55D6D63E2B14889A00C7E1DB /* PBXTargetDependency */ = {
			isa = PBXTargetDependency;
			target = 55D6D6202B14889800C7E1DB /* MockingStarExample */;
			targetProxy = 55D6D63D2B14889A00C7E1DB /* PBXContainerItemProxy */;
		};
/* End PBXTargetDependency section */

/* Begin XCBuildConfiguration section */
		55D6D6442B14889A00C7E1DB /* Debug */ = {
			isa = XCBuildConfiguration;
			buildSettings = {
				ALWAYS_SEARCH_USER_PATHS = NO;
				ASSETCATALOG_COMPILER_GENERATE_SWIFT_ASSET_SYMBOL_EXTENSIONS = YES;
				CLANG_ANALYZER_NONNULL = YES;
				CLANG_ANALYZER_NUMBER_OBJECT_CONVERSION = YES_AGGRESSIVE;
				CLANG_CXX_LANGUAGE_STANDARD = "gnu++20";
				CLANG_ENABLE_MODULES = YES;
				CLANG_ENABLE_OBJC_ARC = YES;
				CLANG_ENABLE_OBJC_WEAK = YES;
				CLANG_WARN_BLOCK_CAPTURE_AUTORELEASING = YES;
				CLANG_WARN_BOOL_CONVERSION = YES;
				CLANG_WARN_COMMA = YES;
				CLANG_WARN_CONSTANT_CONVERSION = YES;
				CLANG_WARN_DEPRECATED_OBJC_IMPLEMENTATIONS = YES;
				CLANG_WARN_DIRECT_OBJC_ISA_USAGE = YES_ERROR;
				CLANG_WARN_DOCUMENTATION_COMMENTS = YES;
				CLANG_WARN_EMPTY_BODY = YES;
				CLANG_WARN_ENUM_CONVERSION = YES;
				CLANG_WARN_INFINITE_RECURSION = YES;
				CLANG_WARN_INT_CONVERSION = YES;
				CLANG_WARN_NON_LITERAL_NULL_CONVERSION = YES;
				CLANG_WARN_OBJC_IMPLICIT_RETAIN_SELF = YES;
				CLANG_WARN_OBJC_LITERAL_CONVERSION = YES;
				CLANG_WARN_OBJC_ROOT_CLASS = YES_ERROR;
				CLANG_WARN_QUOTED_INCLUDE_IN_FRAMEWORK_HEADER = YES;
				CLANG_WARN_RANGE_LOOP_ANALYSIS = YES;
				CLANG_WARN_STRICT_PROTOTYPES = YES;
				CLANG_WARN_SUSPICIOUS_MOVE = YES;
				CLANG_WARN_UNGUARDED_AVAILABILITY = YES_AGGRESSIVE;
				CLANG_WARN_UNREACHABLE_CODE = YES;
				CLANG_WARN__DUPLICATE_METHOD_MATCH = YES;
				COPY_PHASE_STRIP = NO;
				DEBUG_INFORMATION_FORMAT = dwarf;
				ENABLE_STRICT_OBJC_MSGSEND = YES;
				ENABLE_TESTABILITY = YES;
				ENABLE_USER_SCRIPT_SANDBOXING = YES;
				GCC_C_LANGUAGE_STANDARD = gnu17;
				GCC_DYNAMIC_NO_PIC = NO;
				GCC_NO_COMMON_BLOCKS = YES;
				GCC_OPTIMIZATION_LEVEL = 0;
				GCC_PREPROCESSOR_DEFINITIONS = (
					"DEBUG=1",
					"$(inherited)",
				);
				GCC_WARN_64_TO_32_BIT_CONVERSION = YES;
				GCC_WARN_ABOUT_RETURN_TYPE = YES_ERROR;
				GCC_WARN_UNDECLARED_SELECTOR = YES;
				GCC_WARN_UNINITIALIZED_AUTOS = YES_AGGRESSIVE;
				GCC_WARN_UNUSED_FUNCTION = YES;
				GCC_WARN_UNUSED_VARIABLE = YES;
				LOCALIZATION_PREFERS_STRING_CATALOGS = YES;
				MTL_ENABLE_DEBUG_INFO = INCLUDE_SOURCE;
				MTL_FAST_MATH = YES;
				ONLY_ACTIVE_ARCH = YES;
				SWIFT_ACTIVE_COMPILATION_CONDITIONS = "DEBUG $(inherited)";
				SWIFT_OPTIMIZATION_LEVEL = "-Onone";
			};
			name = Debug;
		};
		55D6D6452B14889A00C7E1DB /* Release */ = {
			isa = XCBuildConfiguration;
			buildSettings = {
				ALWAYS_SEARCH_USER_PATHS = NO;
				ASSETCATALOG_COMPILER_GENERATE_SWIFT_ASSET_SYMBOL_EXTENSIONS = YES;
				CLANG_ANALYZER_NONNULL = YES;
				CLANG_ANALYZER_NUMBER_OBJECT_CONVERSION = YES_AGGRESSIVE;
				CLANG_CXX_LANGUAGE_STANDARD = "gnu++20";
				CLANG_ENABLE_MODULES = YES;
				CLANG_ENABLE_OBJC_ARC = YES;
				CLANG_ENABLE_OBJC_WEAK = YES;
				CLANG_WARN_BLOCK_CAPTURE_AUTORELEASING = YES;
				CLANG_WARN_BOOL_CONVERSION = YES;
				CLANG_WARN_COMMA = YES;
				CLANG_WARN_CONSTANT_CONVERSION = YES;
				CLANG_WARN_DEPRECATED_OBJC_IMPLEMENTATIONS = YES;
				CLANG_WARN_DIRECT_OBJC_ISA_USAGE = YES_ERROR;
				CLANG_WARN_DOCUMENTATION_COMMENTS = YES;
				CLANG_WARN_EMPTY_BODY = YES;
				CLANG_WARN_ENUM_CONVERSION = YES;
				CLANG_WARN_INFINITE_RECURSION = YES;
				CLANG_WARN_INT_CONVERSION = YES;
				CLANG_WARN_NON_LITERAL_NULL_CONVERSION = YES;
				CLANG_WARN_OBJC_IMPLICIT_RETAIN_SELF = YES;
				CLANG_WARN_OBJC_LITERAL_CONVERSION = YES;
				CLANG_WARN_OBJC_ROOT_CLASS = YES_ERROR;
				CLANG_WARN_QUOTED_INCLUDE_IN_FRAMEWORK_HEADER = YES;
				CLANG_WARN_RANGE_LOOP_ANALYSIS = YES;
				CLANG_WARN_STRICT_PROTOTYPES = YES;
				CLANG_WARN_SUSPICIOUS_MOVE = YES;
				CLANG_WARN_UNGUARDED_AVAILABILITY = YES_AGGRESSIVE;
				CLANG_WARN_UNREACHABLE_CODE = YES;
				CLANG_WARN__DUPLICATE_METHOD_MATCH = YES;
				COPY_PHASE_STRIP = NO;
				DEBUG_INFORMATION_FORMAT = "dwarf-with-dsym";
				ENABLE_NS_ASSERTIONS = NO;
				ENABLE_STRICT_OBJC_MSGSEND = YES;
				ENABLE_USER_SCRIPT_SANDBOXING = YES;
				GCC_C_LANGUAGE_STANDARD = gnu17;
				GCC_NO_COMMON_BLOCKS = YES;
				GCC_WARN_64_TO_32_BIT_CONVERSION = YES;
				GCC_WARN_ABOUT_RETURN_TYPE = YES_ERROR;
				GCC_WARN_UNDECLARED_SELECTOR = YES;
				GCC_WARN_UNINITIALIZED_AUTOS = YES_AGGRESSIVE;
				GCC_WARN_UNUSED_FUNCTION = YES;
				GCC_WARN_UNUSED_VARIABLE = YES;
				LOCALIZATION_PREFERS_STRING_CATALOGS = YES;
				MTL_ENABLE_DEBUG_INFO = NO;
				MTL_FAST_MATH = YES;
				SWIFT_COMPILATION_MODE = wholemodule;
			};
			name = Release;
		};
		55D6D6472B14889A00C7E1DB /* Debug */ = {
			isa = XCBuildConfiguration;
			buildSettings = {
				ASSETCATALOG_COMPILER_APPICON_NAME = AppIcon;
				ASSETCATALOG_COMPILER_GLOBAL_ACCENT_COLOR_NAME = AccentColor;
				CODE_SIGN_ENTITLEMENTS = MockingStarExample/MockingStarExample.entitlements;
				CODE_SIGN_STYLE = Automatic;
				CURRENT_PROJECT_VERSION = 1;
				DEVELOPMENT_ASSET_PATHS = "\"MockingStarExample/Preview Content\"";
				ENABLE_PREVIEWS = YES;
				GENERATE_INFOPLIST_FILE = YES;
				"INFOPLIST_KEY_UIApplicationSceneManifest_Generation[sdk=iphoneos*]" = YES;
				"INFOPLIST_KEY_UIApplicationSceneManifest_Generation[sdk=iphonesimulator*]" = YES;
				"INFOPLIST_KEY_UIApplicationSupportsIndirectInputEvents[sdk=iphoneos*]" = YES;
				"INFOPLIST_KEY_UIApplicationSupportsIndirectInputEvents[sdk=iphonesimulator*]" = YES;
				"INFOPLIST_KEY_UILaunchScreen_Generation[sdk=iphoneos*]" = YES;
				"INFOPLIST_KEY_UILaunchScreen_Generation[sdk=iphonesimulator*]" = YES;
				"INFOPLIST_KEY_UIStatusBarStyle[sdk=iphoneos*]" = UIStatusBarStyleDefault;
				"INFOPLIST_KEY_UIStatusBarStyle[sdk=iphonesimulator*]" = UIStatusBarStyleDefault;
				INFOPLIST_KEY_UISupportedInterfaceOrientations_iPad = "UIInterfaceOrientationPortrait UIInterfaceOrientationPortraitUpsideDown UIInterfaceOrientationLandscapeLeft UIInterfaceOrientationLandscapeRight";
				INFOPLIST_KEY_UISupportedInterfaceOrientations_iPhone = "UIInterfaceOrientationPortrait UIInterfaceOrientationLandscapeLeft UIInterfaceOrientationLandscapeRight";
				IPHONEOS_DEPLOYMENT_TARGET = 17.0;
				LD_RUNPATH_SEARCH_PATHS = "@executable_path/Frameworks";
				"LD_RUNPATH_SEARCH_PATHS[sdk=macosx*]" = "@executable_path/../Frameworks";
				MACOSX_DEPLOYMENT_TARGET = 14.0;
				MARKETING_VERSION = 1.0;
				PRODUCT_BUNDLE_IDENTIFIER = com.trendyol.MockingStarExample;
				PRODUCT_NAME = "$(TARGET_NAME)";
				SDKROOT = auto;
				SUPPORTED_PLATFORMS = "iphoneos iphonesimulator macosx";
				SWIFT_EMIT_LOC_STRINGS = YES;
				SWIFT_VERSION = 5.0;
				TARGETED_DEVICE_FAMILY = "1,2";
			};
			name = Debug;
		};
		55D6D6482B14889A00C7E1DB /* Release */ = {
			isa = XCBuildConfiguration;
			buildSettings = {
				ASSETCATALOG_COMPILER_APPICON_NAME = AppIcon;
				ASSETCATALOG_COMPILER_GLOBAL_ACCENT_COLOR_NAME = AccentColor;
				CODE_SIGN_ENTITLEMENTS = MockingStarExample/MockingStarExample.entitlements;
				CODE_SIGN_STYLE = Automatic;
				CURRENT_PROJECT_VERSION = 1;
				DEVELOPMENT_ASSET_PATHS = "\"MockingStarExample/Preview Content\"";
				ENABLE_PREVIEWS = YES;
				GENERATE_INFOPLIST_FILE = YES;
				"INFOPLIST_KEY_UIApplicationSceneManifest_Generation[sdk=iphoneos*]" = YES;
				"INFOPLIST_KEY_UIApplicationSceneManifest_Generation[sdk=iphonesimulator*]" = YES;
				"INFOPLIST_KEY_UIApplicationSupportsIndirectInputEvents[sdk=iphoneos*]" = YES;
				"INFOPLIST_KEY_UIApplicationSupportsIndirectInputEvents[sdk=iphonesimulator*]" = YES;
				"INFOPLIST_KEY_UILaunchScreen_Generation[sdk=iphoneos*]" = YES;
				"INFOPLIST_KEY_UILaunchScreen_Generation[sdk=iphonesimulator*]" = YES;
				"INFOPLIST_KEY_UIStatusBarStyle[sdk=iphoneos*]" = UIStatusBarStyleDefault;
				"INFOPLIST_KEY_UIStatusBarStyle[sdk=iphonesimulator*]" = UIStatusBarStyleDefault;
				INFOPLIST_KEY_UISupportedInterfaceOrientations_iPad = "UIInterfaceOrientationPortrait UIInterfaceOrientationPortraitUpsideDown UIInterfaceOrientationLandscapeLeft UIInterfaceOrientationLandscapeRight";
				INFOPLIST_KEY_UISupportedInterfaceOrientations_iPhone = "UIInterfaceOrientationPortrait UIInterfaceOrientationLandscapeLeft UIInterfaceOrientationLandscapeRight";
				IPHONEOS_DEPLOYMENT_TARGET = 17.0;
				LD_RUNPATH_SEARCH_PATHS = "@executable_path/Frameworks";
				"LD_RUNPATH_SEARCH_PATHS[sdk=macosx*]" = "@executable_path/../Frameworks";
				MACOSX_DEPLOYMENT_TARGET = 14.0;
				MARKETING_VERSION = 1.0;
				PRODUCT_BUNDLE_IDENTIFIER = com.trendyol.MockingStarExample;
				PRODUCT_NAME = "$(TARGET_NAME)";
				SDKROOT = auto;
				SUPPORTED_PLATFORMS = "iphoneos iphonesimulator macosx";
				SWIFT_EMIT_LOC_STRINGS = YES;
				SWIFT_VERSION = 5.0;
				TARGETED_DEVICE_FAMILY = "1,2";
			};
			name = Release;
		};
		55D6D64D2B14889A00C7E1DB /* Debug */ = {
			isa = XCBuildConfiguration;
			buildSettings = {
				ALWAYS_EMBED_SWIFT_STANDARD_LIBRARIES = YES;
				CODE_SIGN_STYLE = Automatic;
				CURRENT_PROJECT_VERSION = 1;
				GENERATE_INFOPLIST_FILE = YES;
				IPHONEOS_DEPLOYMENT_TARGET = 17.0;
				MACOSX_DEPLOYMENT_TARGET = 14.0;
				MARKETING_VERSION = 1.0;
				PRODUCT_BUNDLE_IDENTIFIER = com.trendyol.MockingStarExampleUITests;
				PRODUCT_NAME = "$(TARGET_NAME)";
				SDKROOT = auto;
				SUPPORTED_PLATFORMS = "iphoneos iphonesimulator macosx";
				SWIFT_EMIT_LOC_STRINGS = NO;
				SWIFT_VERSION = 5.0;
				TARGETED_DEVICE_FAMILY = "1,2";
				TEST_TARGET_NAME = MockingStarExample;
			};
			name = Debug;
		};
		55D6D64E2B14889A00C7E1DB /* Release */ = {
			isa = XCBuildConfiguration;
			buildSettings = {
				ALWAYS_EMBED_SWIFT_STANDARD_LIBRARIES = YES;
				CODE_SIGN_STYLE = Automatic;
				CURRENT_PROJECT_VERSION = 1;
				GENERATE_INFOPLIST_FILE = YES;
				IPHONEOS_DEPLOYMENT_TARGET = 17.0;
				MACOSX_DEPLOYMENT_TARGET = 14.0;
				MARKETING_VERSION = 1.0;
				PRODUCT_BUNDLE_IDENTIFIER = com.trendyol.MockingStarExampleUITests;
				PRODUCT_NAME = "$(TARGET_NAME)";
				SDKROOT = auto;
				SUPPORTED_PLATFORMS = "iphoneos iphonesimulator macosx";
				SWIFT_EMIT_LOC_STRINGS = NO;
				SWIFT_VERSION = 5.0;
				TARGETED_DEVICE_FAMILY = "1,2";
				TEST_TARGET_NAME = MockingStarExample;
			};
			name = Release;
		};
/* End XCBuildConfiguration section */

/* Begin XCConfigurationList section */
		55D6D61C2B14889800C7E1DB /* Build configuration list for PBXProject "MockingStarExample" */ = {
			isa = XCConfigurationList;
			buildConfigurations = (
				55D6D6442B14889A00C7E1DB /* Debug */,
				55D6D6452B14889A00C7E1DB /* Release */,
			);
			defaultConfigurationIsVisible = 0;
			defaultConfigurationName = Release;
		};
		55D6D6462B14889A00C7E1DB /* Build configuration list for PBXNativeTarget "MockingStarExample" */ = {
			isa = XCConfigurationList;
			buildConfigurations = (
				55D6D6472B14889A00C7E1DB /* Debug */,
				55D6D6482B14889A00C7E1DB /* Release */,
			);
			defaultConfigurationIsVisible = 0;
			defaultConfigurationName = Release;
		};
		55D6D64C2B14889A00C7E1DB /* Build configuration list for PBXNativeTarget "MockingStarExampleUITests" */ = {
			isa = XCConfigurationList;
			buildConfigurations = (
				55D6D64D2B14889A00C7E1DB /* Debug */,
				55D6D64E2B14889A00C7E1DB /* Release */,
			);
			defaultConfigurationIsVisible = 0;
			defaultConfigurationName = Release;
		};
/* End XCConfigurationList section */

/* Begin XCLocalSwiftPackageReference section */
		55D6D64F2B1488C400C7E1DB /* XCLocalSwiftPackageReference ".." */ = {
			isa = XCLocalSwiftPackageReference;
			relativePath = ..;
		};
/* End XCLocalSwiftPackageReference section */

/* Begin XCSwiftPackageProductDependency section */
		55D6D6502B1488C400C7E1DB /* MockingStar */ = {
			isa = XCSwiftPackageProductDependency;
			productName = MockingStar;
		};
		55D9E9D42B14BC9E00CCDB6B /* MockingStar */ = {
			isa = XCSwiftPackageProductDependency;
			productName = MockingStar;
		};
/* End XCSwiftPackageProductDependency section */
	};
	rootObject = 55D6D6192B14889800C7E1DB /* Project object */;
}
